
Microsoft Visual Studio Solution File, Format Version 12.00
# Visual Studio 15
VisualStudioVersion = 15.0.33026.149
MinimumVisualStudioVersion = 10.0.40219.1
Project("{FAE04EC0-301F-11D3-BF4B-00C04F79EFBC}") = "ScreenSaverApp", "ScreenSaverApp\ScreenSaverApp.csproj", "{13CB172E-42BE-498D-B5E8-A181E8267B2E}"
EndProject
Global
	GlobalSection(SolutionConfigurationPlatforms) = preSolution
		Debug|Any CPU = Debug|Any CPU
		Release|Any CPU = Release|Any CPU
	EndGlobalSection
	GlobalSection(ProjectConfigurationPlatforms) = postSolution
		{13CB172E-42BE-498D-B5E8-A181E8267B2E}.Debug|Any CPU.ActiveCfg = Debug|Any CPU
		{13CB172E-42BE-498D-B5E8-A181E8267B2E}.Debug|Any CPU.Build.0 = Debug|Any CPU
		{13CB172E-42BE-498D-B5E8-A181E8267B2E}.Release|Any CPU.ActiveCfg = Release|Any CPU
		{13CB172E-42BE-498D-B5E8-A181E8267B2E}.Release|Any CPU.Build.0 = Release|Any CPU
	EndGlobalSection
	GlobalSection(SolutionProperties) = preSolution
		HideSolutionNode = FALSE
	EndGlobalSection
	GlobalSection(ExtensibilityGlobals) = postSolution
		SolutionGuid = {B556707B-3310-4AF9-BD4C-7133C47E1C6F}
	EndGlobalSection
EndGlobal
